
Microsoft Visual Studio Solution File, Format Version 12.00
# Visual Studio Version 17
VisualStudioVersion = 17.3.32929.385
MinimumVisualStudioVersion = 10.0.40219.1
Project("{FAE04EC0-301F-11D3-BF4B-00C04F79EFBC}") = "Tautulli.MAL.Updater", "Tautulli.MAL.Updater\Tautulli.MAL.Updater.csproj", "{9E302EA5-9122-4D02-BA28-4E8BD5DECF9A}"
EndProject
Project("{9A19103F-16F7-4668-BE54-9A1E7A4F7556}") = "malAnimeUpdater", "malAnimeUpdater\malAnimeUpdater.csproj", "{8D3254A8-5EBB-49B6-AE26-FB9C37BBD68A}"
EndProject
Project("{9A19103F-16F7-4668-BE54-9A1E7A4F7556}") = "malAnimeUpdater.UnitTests", "malAnimeUpdater.UnitTests\malAnimeUpdater.UnitTests.csproj", "{B462C0DA-8577-4F61-9FDA-AADE40636E0F}"
EndProject
Global
	GlobalSection(SolutionConfigurationPlatforms) = preSolution
		Debug|Any CPU = Debug|Any CPU
		Release|Any CPU = Release|Any CPU
	EndGlobalSection
	GlobalSection(ProjectConfigurationPlatforms) = postSolution
		{9E302EA5-9122-4D02-BA28-4E8BD5DECF9A}.Debug|Any CPU.ActiveCfg = Debug|Any CPU
		{9E302EA5-9122-4D02-BA28-4E8BD5DECF9A}.Debug|Any CPU.Build.0 = Debug|Any CPU
		{9E302EA5-9122-4D02-BA28-4E8BD5DECF9A}.Release|Any CPU.ActiveCfg = Release|Any CPU
		{9E302EA5-9122-4D02-BA28-4E8BD5DECF9A}.Release|Any CPU.Build.0 = Release|Any CPU
		{8D3254A8-5EBB-49B6-AE26-FB9C37BBD68A}.Debug|Any CPU.ActiveCfg = Debug|Any CPU
		{8D3254A8-5EBB-49B6-AE26-FB9C37BBD68A}.Debug|Any CPU.Build.0 = Debug|Any CPU
		{8D3254A8-5EBB-49B6-AE26-FB9C37BBD68A}.Release|Any CPU.ActiveCfg = Release|Any CPU
		{8D3254A8-5EBB-49B6-AE26-FB9C37BBD68A}.Release|Any CPU.Build.0 = Release|Any CPU
		{B462C0DA-8577-4F61-9FDA-AADE40636E0F}.Debug|Any CPU.ActiveCfg = Debug|Any CPU
		{B462C0DA-8577-4F61-9FDA-AADE40636E0F}.Debug|Any CPU.Build.0 = Debug|Any CPU
		{B462C0DA-8577-4F61-9FDA-AADE40636E0F}.Release|Any CPU.ActiveCfg = Release|Any CPU
		{B462C0DA-8577-4F61-9FDA-AADE40636E0F}.Release|Any CPU.Build.0 = Release|Any CPU
	EndGlobalSection
	GlobalSection(SolutionProperties) = preSolution
		HideSolutionNode = FALSE
	EndGlobalSection
	GlobalSection(ExtensibilityGlobals) = postSolution
		SolutionGuid = {BBD25F21-2EF0-491A-AD7A-D7C260884A4A}
	EndGlobalSection
EndGlobal
